
Microsoft Visual Studio Solution File, Format Version 12.00
# Visual Studio Version 17
VisualStudioVersion = 17.14.36518.9 d17.14
MinimumVisualStudioVersion = 10.0.40219.1
Project("{FAE04EC0-301F-11D3-BF4B-00C04F79EFBC}") = "FileSwapper", "FileSwapper.csproj", "{1149C84C-B9C6-40BD-8F2E-F8BAE6C1FFBF}"
EndProject
Global
	GlobalSection(SolutionConfigurationPlatforms) = preSolution
		Debug|Any CPU = Debug|Any CPU
		Release|Any CPU = Release|Any CPU
	EndGlobalSection
	GlobalSection(ProjectConfigurationPlatforms) = postSolution
		{1149C84C-B9C6-40BD-8F2E-F8BAE6C1FFBF}.Debug|Any CPU.ActiveCfg = Debug|Any CPU
		{1149C84C-B9C6-40BD-8F2E-F8BAE6C1FFBF}.Debug|Any CPU.Build.0 = Debug|Any CPU
		{1149C84C-B9C6-40BD-8F2E-F8BAE6C1FFBF}.Release|Any CPU.ActiveCfg = Release|Any CPU
		{1149C84C-B9C6-40BD-8F2E-F8BAE6C1FFBF}.Release|Any CPU.Build.0 = Release|Any CPU
	EndGlobalSection
	GlobalSection(SolutionProperties) = preSolution
		HideSolutionNode = FALSE
	EndGlobalSection
	GlobalSection(ExtensibilityGlobals) = postSolution
		SolutionGuid = {0134D773-D5EB-4946-BBD4-1D09F48D7E6E}
	EndGlobalSection
EndGlobal
